// !$*UTF8*$!
{
	archiveVersion = 1;
	classes = {
	};
	objectVersion = 46;
	objects = {

/* Begin PBXBuildFile section */
		B57B592E1F6785BB00104084 /* AppDelegate.swift in Sources */ = {isa = PBXBuildFile; fileRef = B57B592D1F6785BB00104084 /* AppDelegate.swift */; };
		B57B59301F6785BB00104084 /* ViewController.swift in Sources */ = {isa = PBXBuildFile; fileRef = B57B592F1F6785BB00104084 /* ViewController.swift */; };
		B57B59331F6785BB00104084 /* Main.storyboard in Resources */ = {isa = PBXBuildFile; fileRef = B57B59311F6785BB00104084 /* Main.storyboard */; };
		B57B59351F6785BB00104084 /* Assets.xcassets in Resources */ = {isa = PBXBuildFile; fileRef = B57B59341F6785BB00104084 /* Assets.xcassets */; };
		B57B59381F6785BB00104084 /* LaunchScreen.storyboard in Resources */ = {isa = PBXBuildFile; fileRef = B57B59361F6785BB00104084 /* LaunchScreen.storyboard */; };
		B57B59401F678C8A00104084 /* EmitterViewController.swift in Sources */ = {isa = PBXBuildFile; fileRef = B57B593F1F678C8A00104084 /* EmitterViewController.swift */; };
/* End PBXBuildFile section */

/* Begin PBXFileReference section */
		B57B592A1F6785BB00104084 /* FourSeason.app */ = {isa = PBXFileReference; explicitFileType = wrapper.application; includeInIndex = 0; path = FourSeason.app; sourceTree = BUILT_PRODUCTS_DIR; };
		B57B592D1F6785BB00104084 /* AppDelegate.swift */ = {isa = PBXFileReference; lastKnownFileType = sourcecode.swift; path = AppDelegate.swift; sourceTree = "<group>"; };
		B57B592F1F6785BB00104084 /* ViewController.swift */ = {isa = PBXFileReference; lastKnownFileType = sourcecode.swift; path = ViewController.swift; sourceTree = "<group>"; };
		B57B59321F6785BB00104084 /* Base */ = {isa = PBXFileReference; lastKnownFileType = file.storyboard; name = Base; path = Base.lproj/Main.storyboard; sourceTree = "<group>"; };
		B57B59341F6785BB00104084 /* Assets.xcassets */ = {isa = PBXFileReference; lastKnownFileType = folder.assetcatalog; path = Assets.xcassets; sourceTree = "<group>"; };
		B57B59371F6785BB00104084 /* Base */ = {isa = PBXFileReference; lastKnownFileType = file.storyboard; name = Base; path = Base.lproj/LaunchScreen.storyboard; sourceTree = "<group>"; };
		B57B59391F6785BB00104084 /* Info.plist */ = {isa = PBXFileReference; lastKnownFileType = text.plist.xml; path = Info.plist; sourceTree = "<group>"; };
		B57B593F1F678C8A00104084 /* EmitterViewController.swift */ = {isa = PBXFileReference; fileEncoding = 4; lastKnownFileType = sourcecode.swift; path = EmitterViewController.swift; sourceTree = "<group>"; };
/* End PBXFileReference section */

/* Begin PBXFrameworksBuildPhase section */
		B57B59271F6785BB00104084 /* Frameworks */ = {
			isa = PBXFrameworksBuildPhase;
			buildActionMask = 2147483647;
			files = (
			);
			runOnlyForDeploymentPostprocessing = 0;
		};
/* End PBXFrameworksBuildPhase section */

/* Begin PBXGroup section */
		B57B59211F6785BA00104084 = {
			isa = PBXGroup;
			children = (
				B57B592C1F6785BB00104084 /* FourSeason */,
				B57B592B1F6785BB00104084 /* Products */,
			);
			sourceTree = "<group>";
		};
		B57B592B1F6785BB00104084 /* Products */ = {
			isa = PBXGroup;
			children = (
				B57B592A1F6785BB00104084 /* FourSeason.app */,
			);
			name = Products;
			sourceTree = "<group>";
		};
		B57B592C1F6785BB00104084 /* FourSeason */ = {
			isa = PBXGroup;
			children = (
				B57B592D1F6785BB00104084 /* AppDelegate.swift */,
				B57B592F1F6785BB00104084 /* ViewController.swift */,
				B57B593F1F678C8A00104084 /* EmitterViewController.swift */,
				B57B59311F6785BB00104084 /* Main.storyboard */,
				B57B59341F6785BB00104084 /* Assets.xcassets */,
				B57B59361F6785BB00104084 /* LaunchScreen.storyboard */,
				B57B59391F6785BB00104084 /* Info.plist */,
			);
			path = FourSeason;
			sourceTree = "<group>";
		};
/* End PBXGroup section */

/* Begin PBXNativeTarget section */
		B57B59291F6785BB00104084 /* FourSeason */ = {
			isa = PBXNativeTarget;
			buildConfigurationList = B57B593C1F6785BB00104084 /* Build configuration list for PBXNativeTarget "FourSeason" */;
			buildPhases = (
				B57B59261F6785BB00104084 /* Sources */,
				B57B59271F6785BB00104084 /* Frameworks */,
				B57B59281F6785BB00104084 /* Resources */,
			);
			buildRules = (
			);
			dependencies = (
			);
			name = FourSeason;
			productName = FourSeason;
			productReference = B57B592A1F6785BB00104084 /* FourSeason.app */;
			productType = "com.apple.product-type.application";
		};
/* End PBXNativeTarget section */

/* Begin PBXProject section */
		B57B59221F6785BA00104084 /* Project object */ = {
			isa = PBXProject;
			attributes = {
				LastSwiftUpdateCheck = 0830;
				LastUpgradeCheck = 0830;
				ORGANIZATIONNAME = VTStudio;
				TargetAttributes = {
					B57B59291F6785BB00104084 = {
						CreatedOnToolsVersion = 8.3.2;
						ProvisioningStyle = Automatic;
					};
				};
			};
			buildConfigurationList = B57B59251F6785BA00104084 /* Build configuration list for PBXProject "FourSeason" */;
			compatibilityVersion = "Xcode 3.2";
			developmentRegion = English;
			hasScannedForEncodings = 0;
			knownRegions = (
				en,
				Base,
			);
			mainGroup = B57B59211F6785BA00104084;
			productRefGroup = B57B592B1F6785BB00104084 /* Products */;
			projectDirPath = "";
			projectRoot = "";
			targets = (
				B57B59291F6785BB00104084 /* FourSeason */,
			);
		};
/* End PBXProject section */

/* Begin PBXResourcesBuildPhase section */
		B57B59281F6785BB00104084 /* Resources */ = {
			isa = PBXResourcesBuildPhase;
			buildActionMask = 2147483647;
			files = (
				B57B59381F6785BB00104084 /* LaunchScreen.storyboard in Resources */,
				B57B59351F6785BB00104084 /* Assets.xcassets in Resources */,
				B57B59331F6785BB00104084 /* Main.storyboard in Resources */,
			);
			runOnlyForDeploymentPostprocessing = 0;
		};
/* End PBXResourcesBuildPhase section */

/* Begin PBXSourcesBuildPhase section */
		B57B59261F6785BB00104084 /* Sources */ = {
			isa = PBXSourcesBuildPhase;
			buildActionMask = 2147483647;
			files = (
				B57B59301F6785BB00104084 /* ViewController.swift in Sources */,
				B57B59401F678C8A00104084 /* EmitterViewController.swift in Sources */,
				B57B592E1F6785BB00104084 /* AppDelegate.swift in Sources */,
			);
			runOnlyForDeploymentPostprocessing = 0;
		};
/* End PBXSourcesBuildPhase section */

/* Begin PBXVariantGroup section */
		B57B59311F6785BB00104084 /* Main.storyboard */ = {
			isa = PBXVariantGroup;
			children = (
				B57B59321F6785BB00104084 /* Base */,
			);
			name = Main.storyboard;
			sourceTree = "<group>";
		};
		B57B59361F6785BB00104084 /* LaunchScreen.storyboard */ = {
			isa = PBXVariantGroup;
			children = (
				B57B59371F6785BB00104084 /* Base */,
			);
			name = LaunchScreen.storyboard;
			sourceTree = "<group>";
		};
/* End PBXVariantGroup section */

/* Begin XCBuildConfiguration section */
		B57B593A1F6785BB00104084 /* Debug */ = {
			isa = XCBuildConfiguration;
			buildSettings = {
				ALWAYS_SEARCH_USER_PATHS = NO;
				CLANG_ANALYZER_NONNULL = YES;
				CLANG_ANALYZER_NUMBER_OBJECT_CONVERSION = YES_AGGRESSIVE;
				CLANG_CXX_LANGUAGE_STANDARD = "gnu++0x";
				CLANG_CXX_LIBRARY = "libc++";
				CLANG_ENABLE_MODULES = YES;
				CLANG_ENABLE_OBJC_ARC = YES;
				CLANG_WARN_BOOL_CONVERSION = YES;
				CLANG_WARN_CONSTANT_CONVERSION = YES;
				CLANG_WARN_DIRECT_OBJC_ISA_USAGE = YES_ERROR;
				CLANG_WARN_DOCUMENTATION_COMMENTS = YES;
				CLANG_WARN_EMPTY_BODY = YES;
				CLANG_WARN_ENUM_CONVERSION = YES;
				CLANG_WARN_INFINITE_RECURSION = YES;
				CLANG_WARN_INT_CONVERSION = YES;
				CLANG_WARN_OBJC_ROOT_CLASS = YES_ERROR;
				CLANG_WARN_SUSPICIOUS_MOVE = YES;
				CLANG_WARN_UNREACHABLE_CODE = YES;
				CLANG_WARN__DUPLICATE_METHOD_MATCH = YES;
				"CODE_SIGN_IDENTITY[sdk=iphoneos*]" = "iPhone Developer";
				COPY_PHASE_STRIP = NO;
				DEBUG_INFORMATION_FORMAT = dwarf;
				ENABLE_STRICT_OBJC_MSGSEND = YES;
				ENABLE_TESTABILITY = YES;
				GCC_C_LANGUAGE_STANDARD = gnu99;
				GCC_DYNAMIC_NO_PIC = NO;
				GCC_NO_COMMON_BLOCKS = YES;
				GCC_OPTIMIZATION_LEVEL = 0;
				GCC_PREPROCESSOR_DEFINITIONS = (
					"DEBUG=1",
					"$(inherited)",
				);
				GCC_WARN_64_TO_32_BIT_CONVERSION = YES;
				GCC_WARN_ABOUT_RETURN_TYPE = YES_ERROR;
				GCC_WARN_UNDECLARED_SELECTOR = YES;
				GCC_WARN_UNINITIALIZED_AUTOS = YES_AGGRESSIVE;
				GCC_WARN_UNUSED_FUNCTION = YES;
				GCC_WARN_UNUSED_VARIABLE = YES;
				IPHONEOS_DEPLOYMENT_TARGET = 8.0;
				MTL_ENABLE_DEBUG_INFO = YES;
				ONLY_ACTIVE_ARCH = YES;
				SDKROOT = iphoneos;
				SWIFT_ACTIVE_COMPILATION_CONDITIONS = DEBUG;
				SWIFT_OPTIMIZATION_LEVEL = "-Onone";
			};
			name = Debug;
		};
		B57B593B1F6785BB00104084 /* Release */ = {
			isa = XCBuildConfiguration;
			buildSettings = {
				ALWAYS_SEARCH_USER_PATHS = NO;
				CLANG_ANALYZER_NONNULL = YES;
				CLANG_ANALYZER_NUMBER_OBJECT_CONVERSION = YES_AGGRESSIVE;
				CLANG_CXX_LANGUAGE_STANDARD = "gnu++0x";
				CLANG_CXX_LIBRARY = "libc++";
				CLANG_ENABLE_MODULES = YES;
				CLANG_ENABLE_OBJC_ARC = YES;
				CLANG_WARN_BOOL_CONVERSION = YES;
				CLANG_WARN_CONSTANT_CONVERSION = YES;
				CLANG_WARN_DIRECT_OBJC_ISA_USAGE = YES_ERROR;
				CLANG_WARN_DOCUMENTATION_COMMENTS = YES;
				CLANG_WARN_EMPTY_BODY = YES;
				CLANG_WARN_ENUM_CONVERSION = YES;
				CLANG_WARN_INFINITE_RECURSION = YES;
				CLANG_WARN_INT_CONVERSION = YES;
				CLANG_WARN_OBJC_ROOT_CLASS = YES_ERROR;
				CLANG_WARN_SUSPICIOUS_MOVE = YES;
				CLANG_WARN_UNREACHABLE_CODE = YES;
				CLANG_WARN__DUPLICATE_METHOD_MATCH = YES;
				"CODE_SIGN_IDENTITY[sdk=iphoneos*]" = "iPhone Developer";
				COPY_PHASE_STRIP = NO;
				DEBUG_INFORMATION_FORMAT = "dwarf-with-dsym";
				ENABLE_NS_ASSERTIONS = NO;
				ENABLE_STRICT_OBJC_MSGSEND = YES;
				GCC_C_LANGUAGE_STANDARD = gnu99;
				GCC_NO_COMMON_BLOCKS = YES;
				GCC_WARN_64_TO_32_BIT_CONVERSION = YES;
				GCC_WARN_ABOUT_RETURN_TYPE = YES_ERROR;
				GCC_WARN_UNDECLARED_SELECTOR = YES;
				GCC_WARN_UNINITIALIZED_AUTOS = YES_AGGRESSIVE;
				GCC_WARN_UNUSED_FUNCTION = YES;
				GCC_WARN_UNUSED_VARIABLE = YES;
				IPHONEOS_DEPLOYMENT_TARGET = 8.0;
				MTL_ENABLE_DEBUG_INFO = NO;
				SDKROOT = iphoneos;
				SWIFT_OPTIMIZATION_LEVEL = "-Owholemodule";
				VALIDATE_PRODUCT = YES;
			};
			name = Release;
		};
		B57B593D1F6785BB00104084 /* Debug */ = {
			isa = XCBuildConfiguration;
			buildSettings = {
				ASSETCATALOG_COMPILER_APPICON_NAME = AppIcon;
				INFOPLIST_FILE = FourSeason/Info.plist;
				IPHONEOS_DEPLOYMENT_TARGET = 8.0;
				LD_RUNPATH_SEARCH_PATHS = "$(inherited) @executable_path/Frameworks";
				PRODUCT_BUNDLE_IDENTIFIER = VTS.FourSeason;
				PRODUCT_NAME = "$(TARGET_NAME)";
				SWIFT_VERSION = 3.0;
			};
			name = Debug;
		};
		B57B593E1F6785BB00104084 /* Release */ = {
			isa = XCBuildConfiguration;
			buildSettings = {
				ASSETCATALOG_COMPILER_APPICON_NAME = AppIcon;
				INFOPLIST_FILE = FourSeason/Info.plist;
				IPHONEOS_DEPLOYMENT_TARGET = 8.0;
				LD_RUNPATH_SEARCH_PATHS = "$(inherited) @executable_path/Frameworks";
				PRODUCT_BUNDLE_IDENTIFIER = VTS.FourSeason;
				PRODUCT_NAME = "$(TARGET_NAME)";
				SWIFT_VERSION = 3.0;
			};
			name = Release;
		};
/* End XCBuildConfiguration section */

/* Begin XCConfigurationList section */
		B57B59251F6785BA00104084 /* Build configuration list for PBXProject "FourSeason" */ = {
			isa = XCConfigurationList;
			buildConfigurations = (
				B57B593A1F6785BB00104084 /* Debug */,
				B57B593B1F6785BB00104084 /* Release */,
			);
			defaultConfigurationIsVisible = 0;
			defaultConfigurationName = Release;
		};
		B57B593C1F6785BB00104084 /* Build configuration list for PBXNativeTarget "FourSeason" */ = {
			isa = XCConfigurationList;
			buildConfigurations = (
				B57B593D1F6785BB00104084 /* Debug */,
				B57B593E1F6785BB00104084 /* Release */,
			);
			defaultConfigurationIsVisible = 0;
		};
/* End XCConfigurationList section */
	};
	rootObject = B57B59221F6785BA00104084 /* Project object */;
}
